// !$*UTF8*$!
{
	archiveVersion = 1;
	classes = {
	};
	objectVersion = 77;
	objects = {

/* Begin PBXBuildFile section */
		2F37F25BD5BE87DA8F597CC5 /* Pods_PTGToBidDemo.framework in Frameworks */ = {isa = PBXBuildFile; fileRef = EB0814403CE396CA4DEC6CBF /* Pods_PTGToBidDemo.framework */; };
		9EA4A9642DB883F6001F03D2 /* PTGBannerViewController.m in Sources */ = {isa = PBXBuildFile; fileRef = 9EA4A9632DB883F6001F03D2 /* PTGBannerViewController.m */; };
		9EA4A9712DB894BE001F03D2 /* PTGInterstitialViewController.m in Sources */ = {isa = PBXBuildFile; fileRef = 9EA4A9702DB894BE001F03D2 /* PTGInterstitialViewController.m */; };
		9EA4A98D2DB8BF46001F03D2 /* PTGNativeViewController.m in Sources */ = {isa = PBXBuildFile; fileRef = 9EA4A98C2DB8BF46001F03D2 /* PTGNativeViewController.m */; };
		9EA4A9C72DB9D681001F03D2 /* PTGNativeSelfRenderAdView.m in Sources */ = {isa = PBXBuildFile; fileRef = 9EA4A9C62DB9D681001F03D2 /* PTGNativeSelfRenderAdView.m */; };
		9EA4A9D52DBA0D33001F03D2 /* BUDFeedStyleHelper.m in Sources */ = {isa = PBXBuildFile; fileRef = 9EA4A9D32DBA0D33001F03D2 /* BUDFeedStyleHelper.m */; };
		9ECEEF782DAE599000AAC2A7 /* AppDelegate.m in Sources */ = {isa = PBXBuildFile; fileRef = 9ECEEF6B2DAE599000AAC2A7 /* AppDelegate.m */; };
		9ECEEF792DAE599000AAC2A7 /* main.m in Sources */ = {isa = PBXBuildFile; fileRef = 9ECEEF702DAE599000AAC2A7 /* main.m */; };
		9ECEEF7A2DAE599000AAC2A7 /* SceneDelegate.m in Sources */ = {isa = PBXBuildFile; fileRef = 9ECEEF742DAE599000AAC2A7 /* SceneDelegate.m */; };
		9ECEEF7B2DAE599000AAC2A7 /* ViewController.m in Sources */ = {isa = PBXBuildFile; fileRef = 9ECEEF762DAE599000AAC2A7 /* ViewController.m */; };
		9ECEEF7C2DAE599000AAC2A7 /* Assets.xcassets in Resources */ = {isa = PBXBuildFile; fileRef = 9ECEEF6C2DAE599000AAC2A7 /* Assets.xcassets */; };
		9ECEEF7E2DAE599000AAC2A7 /* LaunchScreen.storyboard in Resources */ = {isa = PBXBuildFile; fileRef = 9ECEEF6F2DAE599000AAC2A7 /* LaunchScreen.storyboard */; };
		9ECEEF7F2DAE599000AAC2A7 /* Main.storyboard in Resources */ = {isa = PBXBuildFile; fileRef = 9ECEEF722DAE599000AAC2A7 /* Main.storyboard */; };
		9ECEEF8D2DAE5A9B00AAC2A7 /* PTGSplashViewController.m in Sources */ = {isa = PBXBuildFile; fileRef = 9ECEEF8C2DAE5A9B00AAC2A7 /* PTGSplashViewController.m */; };
		9ECEEF902DAE5AD500AAC2A7 /* BaseAdViewController.m in Sources */ = {isa = PBXBuildFile; fileRef = 9ECEEF8F2DAE5AD500AAC2A7 /* BaseAdViewController.m */; };
		9EE6A4612E13BB04008BD834 /* PTGRewardVideoAdController.m in Sources */ = {isa = PBXBuildFile; fileRef = 9EE6A45F2E13BB04008BD834 /* PTGRewardVideoAdController.m */; };
/* End PBXBuildFile section */

/* Begin PBXCopyFilesBuildPhase section */
		9ECEEF8A2DAE5A3100AAC2A7 /* Embed Frameworks */ = {
			isa = PBXCopyFilesBuildPhase;
			buildActionMask = 2147483647;
			dstPath = "";
			dstSubfolderSpec = 10;
			files = (
			);
			name = "Embed Frameworks";
			runOnlyForDeploymentPostprocessing = 0;
		};
/* End PBXCopyFilesBuildPhase section */

/* Begin PBXFileReference section */
		6F511C4960BBF49EE2861663 /* Pods-PTGToBidDemo.release.xcconfig */ = {isa = PBXFileReference; includeInIndex = 1; lastKnownFileType = text.xcconfig; name = "Pods-PTGToBidDemo.release.xcconfig"; path = "Target Support Files/Pods-PTGToBidDemo/Pods-PTGToBidDemo.release.xcconfig"; sourceTree = "<group>"; };
		9B3CF9FFADE58F728A3E47A1 /* Pods-PTGToBidDemo.debug.xcconfig */ = {isa = PBXFileReference; includeInIndex = 1; lastKnownFileType = text.xcconfig; name = "Pods-PTGToBidDemo.debug.xcconfig"; path = "Target Support Files/Pods-PTGToBidDemo/Pods-PTGToBidDemo.debug.xcconfig"; sourceTree = "<group>"; };
		9EA4A9622DB883F6001F03D2 /* PTGBannerViewController.h */ = {isa = PBXFileReference; lastKnownFileType = sourcecode.c.h; path = PTGBannerViewController.h; sourceTree = "<group>"; };
		9EA4A9632DB883F6001F03D2 /* PTGBannerViewController.m */ = {isa = PBXFileReference; lastKnownFileType = sourcecode.c.objc; path = PTGBannerViewController.m; sourceTree = "<group>"; };
		9EA4A96F2DB894BE001F03D2 /* PTGInterstitialViewController.h */ = {isa = PBXFileReference; lastKnownFileType = sourcecode.c.h; path = PTGInterstitialViewController.h; sourceTree = "<group>"; };
		9EA4A9702DB894BE001F03D2 /* PTGInterstitialViewController.m */ = {isa = PBXFileReference; lastKnownFileType = sourcecode.c.objc; path = PTGInterstitialViewController.m; sourceTree = "<group>"; };
		9EA4A98B2DB8BF46001F03D2 /* PTGNativeViewController.h */ = {isa = PBXFileReference; lastKnownFileType = sourcecode.c.h; path = PTGNativeViewController.h; sourceTree = "<group>"; };
		9EA4A98C2DB8BF46001F03D2 /* PTGNativeViewController.m */ = {isa = PBXFileReference; lastKnownFileType = sourcecode.c.objc; path = PTGNativeViewController.m; sourceTree = "<group>"; };
		9EA4A9C52DB9D681001F03D2 /* PTGNativeSelfRenderAdView.h */ = {isa = PBXFileReference; lastKnownFileType = sourcecode.c.h; path = PTGNativeSelfRenderAdView.h; sourceTree = "<group>"; };
		9EA4A9C62DB9D681001F03D2 /* PTGNativeSelfRenderAdView.m */ = {isa = PBXFileReference; lastKnownFileType = sourcecode.c.objc; path = PTGNativeSelfRenderAdView.m; sourceTree = "<group>"; };
		9EA4A9D22DBA0D33001F03D2 /* BUDFeedStyleHelper.h */ = {isa = PBXFileReference; lastKnownFileType = sourcecode.c.h; path = BUDFeedStyleHelper.h; sourceTree = "<group>"; };
		9EA4A9D32DBA0D33001F03D2 /* BUDFeedStyleHelper.m */ = {isa = PBXFileReference; lastKnownFileType = sourcecode.c.objc; path = BUDFeedStyleHelper.m; sourceTree = "<group>"; };
		9EA4A9D42DBA0D33001F03D2 /* BUDMacros.h */ = {isa = PBXFileReference; lastKnownFileType = sourcecode.c.h; path = BUDMacros.h; sourceTree = "<group>"; };
		9ECEEF4D2DAE598900AAC2A7 /* PTGToBidDemo.app */ = {isa = PBXFileReference; explicitFileType = wrapper.application; includeInIndex = 0; path = PTGToBidDemo.app; sourceTree = BUILT_PRODUCTS_DIR; };
		9ECEEF6A2DAE599000AAC2A7 /* AppDelegate.h */ = {isa = PBXFileReference; lastKnownFileType = sourcecode.c.h; path = AppDelegate.h; sourceTree = "<group>"; };
		9ECEEF6B2DAE599000AAC2A7 /* AppDelegate.m */ = {isa = PBXFileReference; lastKnownFileType = sourcecode.c.objc; path = AppDelegate.m; sourceTree = "<group>"; };
		9ECEEF6C2DAE599000AAC2A7 /* Assets.xcassets */ = {isa = PBXFileReference; lastKnownFileType = folder.assetcatalog; path = Assets.xcassets; sourceTree = "<group>"; };
		9ECEEF6D2DAE599000AAC2A7 /* Info.plist */ = {isa = PBXFileReference; lastKnownFileType = text.plist.xml; path = Info.plist; sourceTree = "<group>"; };
		9ECEEF6E2DAE599000AAC2A7 /* Base */ = {isa = PBXFileReference; lastKnownFileType = file.storyboard; name = Base; path = Base.lproj/LaunchScreen.storyboard; sourceTree = "<group>"; };
		9ECEEF702DAE599000AAC2A7 /* main.m */ = {isa = PBXFileReference; lastKnownFileType = sourcecode.c.objc; path = main.m; sourceTree = "<group>"; };
		9ECEEF712DAE599000AAC2A7 /* Base */ = {isa = PBXFileReference; lastKnownFileType = file.storyboard; name = Base; path = Base.lproj/Main.storyboard; sourceTree = "<group>"; };
		9ECEEF732DAE599000AAC2A7 /* SceneDelegate.h */ = {isa = PBXFileReference; lastKnownFileType = sourcecode.c.h; path = SceneDelegate.h; sourceTree = "<group>"; };
		9ECEEF742DAE599000AAC2A7 /* SceneDelegate.m */ = {isa = PBXFileReference; lastKnownFileType = sourcecode.c.objc; path = SceneDelegate.m; sourceTree = "<group>"; };
		9ECEEF752DAE599000AAC2A7 /* ViewController.h */ = {isa = PBXFileReference; lastKnownFileType = sourcecode.c.h; path = ViewController.h; sourceTree = "<group>"; };
		9ECEEF762DAE599000AAC2A7 /* ViewController.m */ = {isa = PBXFileReference; lastKnownFileType = sourcecode.c.objc; path = ViewController.m; sourceTree = "<group>"; };
		9ECEEF8B2DAE5A9B00AAC2A7 /* PTGSplashViewController.h */ = {isa = PBXFileReference; lastKnownFileType = sourcecode.c.h; path = PTGSplashViewController.h; sourceTree = "<group>"; };
		9ECEEF8C2DAE5A9B00AAC2A7 /* PTGSplashViewController.m */ = {isa = PBXFileReference; lastKnownFileType = sourcecode.c.objc; path = PTGSplashViewController.m; sourceTree = "<group>"; };
		9ECEEF8E2DAE5AD500AAC2A7 /* BaseAdViewController.h */ = {isa = PBXFileReference; lastKnownFileType = sourcecode.c.h; path = BaseAdViewController.h; sourceTree = "<group>"; };
		9ECEEF8F2DAE5AD500AAC2A7 /* BaseAdViewController.m */ = {isa = PBXFileReference; lastKnownFileType = sourcecode.c.objc; path = BaseAdViewController.m; sourceTree = "<group>"; };
		9EE6A45E2E13BB04008BD834 /* PTGRewardVideoAdController.h */ = {isa = PBXFileReference; lastKnownFileType = sourcecode.c.h; path = PTGRewardVideoAdController.h; sourceTree = "<group>"; };
		9EE6A45F2E13BB04008BD834 /* PTGRewardVideoAdController.m */ = {isa = PBXFileReference; lastKnownFileType = sourcecode.c.objc; path = PTGRewardVideoAdController.m; sourceTree = "<group>"; };
		EB0814403CE396CA4DEC6CBF /* Pods_PTGToBidDemo.framework */ = {isa = PBXFileReference; explicitFileType = wrapper.framework; includeInIndex = 0; path = Pods_PTGToBidDemo.framework; sourceTree = BUILT_PRODUCTS_DIR; };
/* End PBXFileReference section */

/* Begin PBXFrameworksBuildPhase section */
		9ECEEF4A2DAE598900AAC2A7 /* Frameworks */ = {
			isa = PBXFrameworksBuildPhase;
			buildActionMask = 2147483647;
			files = (
				2F37F25BD5BE87DA8F597CC5 /* Pods_PTGToBidDemo.framework in Frameworks */,
			);
			runOnlyForDeploymentPostprocessing = 0;
		};
/* End PBXFrameworksBuildPhase section */

/* Begin PBXGroup section */
		55C6FF9D52577D9AEEEA1816 /* Frameworks */ = {
			isa = PBXGroup;
			children = (
				EB0814403CE396CA4DEC6CBF /* Pods_PTGToBidDemo.framework */,
			);
			name = Frameworks;
			sourceTree = "<group>";
		};
		9EA4A9562DB87DF7001F03D2 /* Splash */ = {
			isa = PBXGroup;
			children = (
				9ECEEF8B2DAE5A9B00AAC2A7 /* PTGSplashViewController.h */,
				9ECEEF8C2DAE5A9B00AAC2A7 /* PTGSplashViewController.m */,
			);
			path = Splash;
			sourceTree = "<group>";
		};
		9EA4A9572DB88091001F03D2 /* Banner */ = {
			isa = PBXGroup;
			children = (
				9EA4A9622DB883F6001F03D2 /* PTGBannerViewController.h */,
				9EA4A9632DB883F6001F03D2 /* PTGBannerViewController.m */,
			);
			path = Banner;
			sourceTree = "<group>";
		};
		9EA4A9652DB89012001F03D2 /* Interstitial */ = {
			isa = PBXGroup;
			children = (
				9EA4A96F2DB894BE001F03D2 /* PTGInterstitialViewController.h */,
				9EA4A9702DB894BE001F03D2 /* PTGInterstitialViewController.m */,
			);
			path = Interstitial;
			sourceTree = "<group>";
		};
		9EA4A98A2DB8BF2C001F03D2 /* Native */ = {
			isa = PBXGroup;
			children = (
				9EA4A9D22DBA0D33001F03D2 /* BUDFeedStyleHelper.h */,
				9EA4A9D32DBA0D33001F03D2 /* BUDFeedStyleHelper.m */,
				9EA4A9D42DBA0D33001F03D2 /* BUDMacros.h */,
				9EA4A98B2DB8BF46001F03D2 /* PTGNativeViewController.h */,
				9EA4A98C2DB8BF46001F03D2 /* PTGNativeViewController.m */,
				9EA4A9C52DB9D681001F03D2 /* PTGNativeSelfRenderAdView.h */,
				9EA4A9C62DB9D681001F03D2 /* PTGNativeSelfRenderAdView.m */,
			);
			path = Native;
			sourceTree = "<group>";
		};
		9ECEEF442DAE598900AAC2A7 = {
			isa = PBXGroup;
			children = (
				9ECEEF772DAE599000AAC2A7 /* PTGToBidDemo */,
				9ECEEF4E2DAE598900AAC2A7 /* Products */,
				D0460F2BB0299E9F3DBC2450 /* Pods */,
				55C6FF9D52577D9AEEEA1816 /* Frameworks */,
			);
			sourceTree = "<group>";
		};
		9ECEEF4E2DAE598900AAC2A7 /* Products */ = {
			isa = PBXGroup;
			children = (
				9ECEEF4D2DAE598900AAC2A7 /* PTGToBidDemo.app */,
			);
			name = Products;
			sourceTree = "<group>";
		};
		9ECEEF772DAE599000AAC2A7 /* PTGToBidDemo */ = {
			isa = PBXGroup;
			children = (
				9EE6A4602E13BB04008BD834 /* Reward */,
				9EA4A98A2DB8BF2C001F03D2 /* Native */,
				9EA4A9652DB89012001F03D2 /* Interstitial */,
				9EA4A9572DB88091001F03D2 /* Banner */,
				9EA4A9562DB87DF7001F03D2 /* Splash */,
				9ECEEF8E2DAE5AD500AAC2A7 /* BaseAdViewController.h */,
				9ECEEF8F2DAE5AD500AAC2A7 /* BaseAdViewController.m */,
				9ECEEF6A2DAE599000AAC2A7 /* AppDelegate.h */,
				9ECEEF6B2DAE599000AAC2A7 /* AppDelegate.m */,
				9ECEEF6C2DAE599000AAC2A7 /* Assets.xcassets */,
				9ECEEF6D2DAE599000AAC2A7 /* Info.plist */,
				9ECEEF6F2DAE599000AAC2A7 /* LaunchScreen.storyboard */,
				9ECEEF702DAE599000AAC2A7 /* main.m */,
				9ECEEF722DAE599000AAC2A7 /* Main.storyboard */,
				9ECEEF732DAE599000AAC2A7 /* SceneDelegate.h */,
				9ECEEF742DAE599000AAC2A7 /* SceneDelegate.m */,
				9ECEEF752DAE599000AAC2A7 /* ViewController.h */,
				9ECEEF762DAE599000AAC2A7 /* ViewController.m */,
			);
			path = PTGToBidDemo;
			sourceTree = "<group>";
		};
		9EE6A4602E13BB04008BD834 /* Reward */ = {
			isa = PBXGroup;
			children = (
				9EE6A45E2E13BB04008BD834 /* PTGRewardVideoAdController.h */,
				9EE6A45F2E13BB04008BD834 /* PTGRewardVideoAdController.m */,
			);
			path = Reward;
			sourceTree = "<group>";
		};
		D0460F2BB0299E9F3DBC2450 /* Pods */ = {
			isa = PBXGroup;
			children = (
				9B3CF9FFADE58F728A3E47A1 /* Pods-PTGToBidDemo.debug.xcconfig */,
				6F511C4960BBF49EE2861663 /* Pods-PTGToBidDemo.release.xcconfig */,
			);
			path = Pods;
			sourceTree = "<group>";
		};
/* End PBXGroup section */

/* Begin PBXNativeTarget section */
		9ECEEF4C2DAE598900AAC2A7 /* PTGToBidDemo */ = {
			isa = PBXNativeTarget;
			buildConfigurationList = 9ECEEF652DAE598A00AAC2A7 /* Build configuration list for PBXNativeTarget "PTGToBidDemo" */;
			buildPhases = (
				6C7E8916D91A211A5F319E9E /* [CP] Check Pods Manifest.lock */,
				9ECEEF492DAE598900AAC2A7 /* Sources */,
				9ECEEF4A2DAE598900AAC2A7 /* Frameworks */,
				9ECEEF4B2DAE598900AAC2A7 /* Resources */,
				816C0D70B6EECF3FDA292B4C /* [CP] Copy Pods Resources */,
				9ECEEF8A2DAE5A3100AAC2A7 /* Embed Frameworks */,
				2266EE414DEAC1C798342A3A /* [CP] Embed Pods Frameworks */,
			);
			buildRules = (
			);
			dependencies = (
			);
			name = PTGToBidDemo;
			productName = PTGToBidDemo;
			productReference = 9ECEEF4D2DAE598900AAC2A7 /* PTGToBidDemo.app */;
			productType = "com.apple.product-type.application";
		};
/* End PBXNativeTarget section */

/* Begin PBXProject section */
		9ECEEF452DAE598900AAC2A7 /* Project object */ = {
			isa = PBXProject;
			attributes = {
				BuildIndependentTargetsInParallel = 1;
				LastUpgradeCheck = 1620;
				TargetAttributes = {
					9ECEEF4C2DAE598900AAC2A7 = {
						CreatedOnToolsVersion = 16.2;
					};
				};
			};
			buildConfigurationList = 9ECEEF482DAE598900AAC2A7 /* Build configuration list for PBXProject "PTGToBidDemo" */;
			developmentRegion = en;
			hasScannedForEncodings = 0;
			knownRegions = (
				en,
				Base,
			);
			mainGroup = 9ECEEF442DAE598900AAC2A7;
			minimizedProjectReferenceProxies = 1;
			preferredProjectObjectVersion = 77;
			productRefGroup = 9ECEEF4E2DAE598900AAC2A7 /* Products */;
			projectDirPath = "";
			projectRoot = "";
			targets = (
				9ECEEF4C2DAE598900AAC2A7 /* PTGToBidDemo */,
			);
		};
/* End PBXProject section */

/* Begin PBXResourcesBuildPhase section */
		9ECEEF4B2DAE598900AAC2A7 /* Resources */ = {
			isa = PBXResourcesBuildPhase;
			buildActionMask = 2147483647;
			files = (
				9ECEEF7C2DAE599000AAC2A7 /* Assets.xcassets in Resources */,
				9ECEEF7E2DAE599000AAC2A7 /* LaunchScreen.storyboard in Resources */,
				9ECEEF7F2DAE599000AAC2A7 /* Main.storyboard in Resources */,
			);
			runOnlyForDeploymentPostprocessing = 0;
		};
/* End PBXResourcesBuildPhase section */

/* Begin PBXShellScriptBuildPhase section */
		2266EE414DEAC1C798342A3A /* [CP] Embed Pods Frameworks */ = {
			isa = PBXShellScriptBuildPhase;
			buildActionMask = 2147483647;
			files = (
			);
			inputFileListPaths = (
				"${PODS_ROOT}/Target Support Files/Pods-PTGToBidDemo/Pods-PTGToBidDemo-frameworks-${CONFIGURATION}-input-files.xcfilelist",
			);
			name = "[CP] Embed Pods Frameworks";
			outputFileListPaths = (
				"${PODS_ROOT}/Target Support Files/Pods-PTGToBidDemo/Pods-PTGToBidDemo-frameworks-${CONFIGURATION}-output-files.xcfilelist",
			);
			runOnlyForDeploymentPostprocessing = 0;
			shellPath = /bin/sh;
			shellScript = "\"${PODS_ROOT}/Target Support Files/Pods-PTGToBidDemo/Pods-PTGToBidDemo-frameworks.sh\"\n";
			showEnvVarsInLog = 0;
		};
		6C7E8916D91A211A5F319E9E /* [CP] Check Pods Manifest.lock */ = {
			isa = PBXShellScriptBuildPhase;
			buildActionMask = 2147483647;
			files = (
			);
			inputFileListPaths = (
			);
			inputPaths = (
				"${PODS_PODFILE_DIR_PATH}/Podfile.lock",
				"${PODS_ROOT}/Manifest.lock",
			);
			name = "[CP] Check Pods Manifest.lock";
			outputFileListPaths = (
			);
			outputPaths = (
				"$(DERIVED_FILE_DIR)/Pods-PTGToBidDemo-checkManifestLockResult.txt",
			);
			runOnlyForDeploymentPostprocessing = 0;
			shellPath = /bin/sh;
			shellScript = "diff \"${PODS_PODFILE_DIR_PATH}/Podfile.lock\" \"${PODS_ROOT}/Manifest.lock\" > /dev/null\nif [ $? != 0 ] ; then\n    # print error to STDERR\n    echo \"error: The sandbox is not in sync with the Podfile.lock. Run 'pod install' or update your CocoaPods installation.\" >&2\n    exit 1\nfi\n# This output is used by Xcode 'outputs' to avoid re-running this script phase.\necho \"SUCCESS\" > \"${SCRIPT_OUTPUT_FILE_0}\"\n";
			showEnvVarsInLog = 0;
		};
		816C0D70B6EECF3FDA292B4C /* [CP] Copy Pods Resources */ = {
			isa = PBXShellScriptBuildPhase;
			buildActionMask = 2147483647;
			files = (
			);
			inputFileListPaths = (
				"${PODS_ROOT}/Target Support Files/Pods-PTGToBidDemo/Pods-PTGToBidDemo-resources-${CONFIGURATION}-input-files.xcfilelist",
			);
			name = "[CP] Copy Pods Resources";
			outputFileListPaths = (
				"${PODS_ROOT}/Target Support Files/Pods-PTGToBidDemo/Pods-PTGToBidDemo-resources-${CONFIGURATION}-output-files.xcfilelist",
			);
			runOnlyForDeploymentPostprocessing = 0;
			shellPath = /bin/sh;
			shellScript = "\"${PODS_ROOT}/Target Support Files/Pods-PTGToBidDemo/Pods-PTGToBidDemo-resources.sh\"\n";
			showEnvVarsInLog = 0;
		};
/* End PBXShellScriptBuildPhase section */

/* Begin PBXSourcesBuildPhase section */
		9ECEEF492DAE598900AAC2A7 /* Sources */ = {
			isa = PBXSourcesBuildPhase;
			buildActionMask = 2147483647;
			files = (
				9EA4A9712DB894BE001F03D2 /* PTGInterstitialViewController.m in Sources */,
				9ECEEF782DAE599000AAC2A7 /* AppDelegate.m in Sources */,
				9ECEEF792DAE599000AAC2A7 /* main.m in Sources */,
				9EE6A4612E13BB04008BD834 /* PTGRewardVideoAdController.m in Sources */,
				9ECEEF902DAE5AD500AAC2A7 /* BaseAdViewController.m in Sources */,
				9ECEEF8D2DAE5A9B00AAC2A7 /* PTGSplashViewController.m in Sources */,
				9EA4A9D52DBA0D33001F03D2 /* BUDFeedStyleHelper.m in Sources */,
				9ECEEF7A2DAE599000AAC2A7 /* SceneDelegate.m in Sources */,
				9EA4A9C72DB9D681001F03D2 /* PTGNativeSelfRenderAdView.m in Sources */,
				9EA4A9642DB883F6001F03D2 /* PTGBannerViewController.m in Sources */,
				9EA4A98D2DB8BF46001F03D2 /* PTGNativeViewController.m in Sources */,
				9ECEEF7B2DAE599000AAC2A7 /* ViewController.m in Sources */,
			);
			runOnlyForDeploymentPostprocessing = 0;
		};
/* End PBXSourcesBuildPhase section */

/* Begin PBXVariantGroup section */
		9ECEEF6F2DAE599000AAC2A7 /* LaunchScreen.storyboard */ = {
			isa = PBXVariantGroup;
			children = (
				9ECEEF6E2DAE599000AAC2A7 /* Base */,
			);
			name = LaunchScreen.storyboard;
			sourceTree = "<group>";
		};
		9ECEEF722DAE599000AAC2A7 /* Main.storyboard */ = {
			isa = PBXVariantGroup;
			children = (
				9ECEEF712DAE599000AAC2A7 /* Base */,
			);
			name = Main.storyboard;
			sourceTree = "<group>";
		};
/* End PBXVariantGroup section */

/* Begin XCBuildConfiguration section */
		9ECEEF662DAE598A00AAC2A7 /* Debug */ = {
			isa = XCBuildConfiguration;
			baseConfigurationReference = 9B3CF9FFADE58F728A3E47A1 /* Pods-PTGToBidDemo.debug.xcconfig */;
			buildSettings = {
				ASSETCATALOG_COMPILER_APPICON_NAME = AppIcon;
				ASSETCATALOG_COMPILER_GLOBAL_ACCENT_COLOR_NAME = AccentColor;
				CODE_SIGN_STYLE = Automatic;
				CURRENT_PROJECT_VERSION = 1;
				DEVELOPMENT_TEAM = X5SRZ3HM32;
				ENABLE_USER_SCRIPT_SANDBOXING = NO;
				FRAMEWORK_SEARCH_PATHS = (
					"$(inherited)",
					"$(PROJECT_DIR)/PTGToBidDemo",
				);
				GENERATE_INFOPLIST_FILE = YES;
				INFOPLIST_FILE = PTGToBidDemo/Info.plist;
				INFOPLIST_KEY_UIApplicationSupportsIndirectInputEvents = YES;
				INFOPLIST_KEY_UILaunchStoryboardName = LaunchScreen;
				INFOPLIST_KEY_UIMainStoryboardFile = Main;
				INFOPLIST_KEY_UISupportedInterfaceOrientations_iPad = "UIInterfaceOrientationPortrait UIInterfaceOrientationPortraitUpsideDown UIInterfaceOrientationLandscapeLeft UIInterfaceOrientationLandscapeRight";
				INFOPLIST_KEY_UISupportedInterfaceOrientations_iPhone = "UIInterfaceOrientationPortrait UIInterfaceOrientationLandscapeLeft UIInterfaceOrientationLandscapeRight";
				IPHONEOS_DEPLOYMENT_TARGET = 11.0;
				LD_RUNPATH_SEARCH_PATHS = (
					"$(inherited)",
					"@executable_path/Frameworks",
				);
				MARKETING_VERSION = 1.0;
				PRODUCT_BUNDLE_IDENTIFIER = com.PTGToBidAdapter.test.PTGToBidDemo;
				PRODUCT_NAME = "$(TARGET_NAME)";
				SUPPORTED_PLATFORMS = "iphoneos iphonesimulator";
				SUPPORTS_MACCATALYST = NO;
				SUPPORTS_MAC_DESIGNED_FOR_IPHONE_IPAD = NO;
				SUPPORTS_XR_DESIGNED_FOR_IPHONE_IPAD = NO;
				SWIFT_EMIT_LOC_STRINGS = YES;
				TARGETED_DEVICE_FAMILY = "1,2";
			};
			name = Debug;
		};
		9ECEEF672DAE598A00AAC2A7 /* Release */ = {
			isa = XCBuildConfiguration;
			baseConfigurationReference = 6F511C4960BBF49EE2861663 /* Pods-PTGToBidDemo.release.xcconfig */;
			buildSettings = {
				ASSETCATALOG_COMPILER_APPICON_NAME = AppIcon;
				ASSETCATALOG_COMPILER_GLOBAL_ACCENT_COLOR_NAME = AccentColor;
				CODE_SIGN_STYLE = Automatic;
				CURRENT_PROJECT_VERSION = 1;
				DEVELOPMENT_TEAM = X5SRZ3HM32;
				ENABLE_USER_SCRIPT_SANDBOXING = NO;
				FRAMEWORK_SEARCH_PATHS = (
					"$(inherited)",
					"$(PROJECT_DIR)/PTGToBidDemo",
				);
				GENERATE_INFOPLIST_FILE = YES;
				INFOPLIST_FILE = PTGToBidDemo/Info.plist;
				INFOPLIST_KEY_UIApplicationSupportsIndirectInputEvents = YES;
				INFOPLIST_KEY_UILaunchStoryboardName = LaunchScreen;
				INFOPLIST_KEY_UIMainStoryboardFile = Main;
				INFOPLIST_KEY_UISupportedInterfaceOrientations_iPad = "UIInterfaceOrientationPortrait UIInterfaceOrientationPortraitUpsideDown UIInterfaceOrientationLandscapeLeft UIInterfaceOrientationLandscapeRight";
				INFOPLIST_KEY_UISupportedInterfaceOrientations_iPhone = "UIInterfaceOrientationPortrait UIInterfaceOrientationLandscapeLeft UIInterfaceOrientationLandscapeRight";
				IPHONEOS_DEPLOYMENT_TARGET = 11.0;
				LD_RUNPATH_SEARCH_PATHS = (
					"$(inherited)",
					"@executable_path/Frameworks",
				);
				MARKETING_VERSION = 1.0;
				PRODUCT_BUNDLE_IDENTIFIER = com.PTGToBidAdapter.test.PTGToBidDemo;
				PRODUCT_NAME = "$(TARGET_NAME)";
				SUPPORTED_PLATFORMS = "iphoneos iphonesimulator";
				SUPPORTS_MACCATALYST = NO;
				SUPPORTS_MAC_DESIGNED_FOR_IPHONE_IPAD = NO;
				SUPPORTS_XR_DESIGNED_FOR_IPHONE_IPAD = NO;
				SWIFT_EMIT_LOC_STRINGS = YES;
				TARGETED_DEVICE_FAMILY = "1,2";
			};
			name = Release;
		};
		9ECEEF682DAE598A00AAC2A7 /* Debug */ = {
			isa = XCBuildConfiguration;
			buildSettings = {
				ALWAYS_SEARCH_USER_PATHS = NO;
				ASSETCATALOG_COMPILER_GENERATE_SWIFT_ASSET_SYMBOL_EXTENSIONS = YES;
				CLANG_ANALYZER_NONNULL = YES;
				CLANG_ANALYZER_NUMBER_OBJECT_CONVERSION = YES_AGGRESSIVE;
				CLANG_CXX_LANGUAGE_STANDARD = "gnu++20";
				CLANG_ENABLE_MODULES = YES;
				CLANG_ENABLE_OBJC_ARC = YES;
				CLANG_ENABLE_OBJC_WEAK = YES;
				CLANG_WARN_BLOCK_CAPTURE_AUTORELEASING = YES;
				CLANG_WARN_BOOL_CONVERSION = YES;
				CLANG_WARN_COMMA = YES;
				CLANG_WARN_CONSTANT_CONVERSION = YES;
				CLANG_WARN_DEPRECATED_OBJC_IMPLEMENTATIONS = YES;
				CLANG_WARN_DIRECT_OBJC_ISA_USAGE = YES_ERROR;
				CLANG_WARN_DOCUMENTATION_COMMENTS = YES;
				CLANG_WARN_EMPTY_BODY = YES;
				CLANG_WARN_ENUM_CONVERSION = YES;
				CLANG_WARN_INFINITE_RECURSION = YES;
				CLANG_WARN_INT_CONVERSION = YES;
				CLANG_WARN_NON_LITERAL_NULL_CONVERSION = YES;
				CLANG_WARN_OBJC_IMPLICIT_RETAIN_SELF = YES;
				CLANG_WARN_OBJC_LITERAL_CONVERSION = YES;
				CLANG_WARN_OBJC_ROOT_CLASS = YES_ERROR;
				CLANG_WARN_QUOTED_INCLUDE_IN_FRAMEWORK_HEADER = YES;
				CLANG_WARN_RANGE_LOOP_ANALYSIS = YES;
				CLANG_WARN_STRICT_PROTOTYPES = YES;
				CLANG_WARN_SUSPICIOUS_MOVE = YES;
				CLANG_WARN_UNGUARDED_AVAILABILITY = YES_AGGRESSIVE;
				CLANG_WARN_UNREACHABLE_CODE = YES;
				CLANG_WARN__DUPLICATE_METHOD_MATCH = YES;
				COPY_PHASE_STRIP = NO;
				DEBUG_INFORMATION_FORMAT = dwarf;
				ENABLE_STRICT_OBJC_MSGSEND = YES;
				ENABLE_TESTABILITY = YES;
				ENABLE_USER_SCRIPT_SANDBOXING = YES;
				GCC_C_LANGUAGE_STANDARD = gnu17;
				GCC_DYNAMIC_NO_PIC = NO;
				GCC_NO_COMMON_BLOCKS = YES;
				GCC_OPTIMIZATION_LEVEL = 0;
				GCC_PREPROCESSOR_DEFINITIONS = (
					"DEBUG=1",
					"$(inherited)",
				);
				GCC_WARN_64_TO_32_BIT_CONVERSION = YES;
				GCC_WARN_ABOUT_RETURN_TYPE = YES_ERROR;
				GCC_WARN_UNDECLARED_SELECTOR = YES;
				GCC_WARN_UNINITIALIZED_AUTOS = YES_AGGRESSIVE;
				GCC_WARN_UNUSED_FUNCTION = YES;
				GCC_WARN_UNUSED_VARIABLE = YES;
				IPHONEOS_DEPLOYMENT_TARGET = 18.2;
				LOCALIZATION_PREFERS_STRING_CATALOGS = YES;
				MTL_ENABLE_DEBUG_INFO = INCLUDE_SOURCE;
				MTL_FAST_MATH = YES;
				ONLY_ACTIVE_ARCH = YES;
				SDKROOT = iphoneos;
			};
			name = Debug;
		};
		9ECEEF692DAE598A00AAC2A7 /* Release */ = {
			isa = XCBuildConfiguration;
			buildSettings = {
				ALWAYS_SEARCH_USER_PATHS = NO;
				ASSETCATALOG_COMPILER_GENERATE_SWIFT_ASSET_SYMBOL_EXTENSIONS = YES;
				CLANG_ANALYZER_NONNULL = YES;
				CLANG_ANALYZER_NUMBER_OBJECT_CONVERSION = YES_AGGRESSIVE;
				CLANG_CXX_LANGUAGE_STANDARD = "gnu++20";
				CLANG_ENABLE_MODULES = YES;
				CLANG_ENABLE_OBJC_ARC = YES;
				CLANG_ENABLE_OBJC_WEAK = YES;
				CLANG_WARN_BLOCK_CAPTURE_AUTORELEASING = YES;
				CLANG_WARN_BOOL_CONVERSION = YES;
				CLANG_WARN_COMMA = YES;
				CLANG_WARN_CONSTANT_CONVERSION = YES;
				CLANG_WARN_DEPRECATED_OBJC_IMPLEMENTATIONS = YES;
				CLANG_WARN_DIRECT_OBJC_ISA_USAGE = YES_ERROR;
				CLANG_WARN_DOCUMENTATION_COMMENTS = YES;
				CLANG_WARN_EMPTY_BODY = YES;
				CLANG_WARN_ENUM_CONVERSION = YES;
				CLANG_WARN_INFINITE_RECURSION = YES;
				CLANG_WARN_INT_CONVERSION = YES;
				CLANG_WARN_NON_LITERAL_NULL_CONVERSION = YES;
				CLANG_WARN_OBJC_IMPLICIT_RETAIN_SELF = YES;
				CLANG_WARN_OBJC_LITERAL_CONVERSION = YES;
				CLANG_WARN_OBJC_ROOT_CLASS = YES_ERROR;
				CLANG_WARN_QUOTED_INCLUDE_IN_FRAMEWORK_HEADER = YES;
				CLANG_WARN_RANGE_LOOP_ANALYSIS = YES;
				CLANG_WARN_STRICT_PROTOTYPES = YES;
				CLANG_WARN_SUSPICIOUS_MOVE = YES;
				CLANG_WARN_UNGUARDED_AVAILABILITY = YES_AGGRESSIVE;
				CLANG_WARN_UNREACHABLE_CODE = YES;
				CLANG_WARN__DUPLICATE_METHOD_MATCH = YES;
				COPY_PHASE_STRIP = NO;
				DEBUG_INFORMATION_FORMAT = "dwarf-with-dsym";
				ENABLE_NS_ASSERTIONS = NO;
				ENABLE_STRICT_OBJC_MSGSEND = YES;
				ENABLE_USER_SCRIPT_SANDBOXING = YES;
				GCC_C_LANGUAGE_STANDARD = gnu17;
				GCC_NO_COMMON_BLOCKS = YES;
				GCC_WARN_64_TO_32_BIT_CONVERSION = YES;
				GCC_WARN_ABOUT_RETURN_TYPE = YES_ERROR;
				GCC_WARN_UNDECLARED_SELECTOR = YES;
				GCC_WARN_UNINITIALIZED_AUTOS = YES_AGGRESSIVE;
				GCC_WARN_UNUSED_FUNCTION = YES;
				GCC_WARN_UNUSED_VARIABLE = YES;
				IPHONEOS_DEPLOYMENT_TARGET = 18.2;
				LOCALIZATION_PREFERS_STRING_CATALOGS = YES;
				MTL_ENABLE_DEBUG_INFO = NO;
				MTL_FAST_MATH = YES;
				SDKROOT = iphoneos;
				VALIDATE_PRODUCT = YES;
			};
			name = Release;
		};
/* End XCBuildConfiguration section */

/* Begin XCConfigurationList section */
		9ECEEF482DAE598900AAC2A7 /* Build configuration list for PBXProject "PTGToBidDemo" */ = {
			isa = XCConfigurationList;
			buildConfigurations = (
				9ECEEF682DAE598A00AAC2A7 /* Debug */,
				9ECEEF692DAE598A00AAC2A7 /* Release */,
			);
			defaultConfigurationIsVisible = 0;
			defaultConfigurationName = Release;
		};
		9ECEEF652DAE598A00AAC2A7 /* Build configuration list for PBXNativeTarget "PTGToBidDemo" */ = {
			isa = XCConfigurationList;
			buildConfigurations = (
				9ECEEF662DAE598A00AAC2A7 /* Debug */,
				9ECEEF672DAE598A00AAC2A7 /* Release */,
			);
			defaultConfigurationIsVisible = 0;
			defaultConfigurationName = Release;
		};
/* End XCConfigurationList section */
	};
	rootObject = 9ECEEF452DAE598900AAC2A7 /* Project object */;
}
